
Microsoft Visual Studio Solution File, Format Version 12.00
# Visual Studio Version 16
VisualStudioVersion = 16.0.30717.126
MinimumVisualStudioVersion = 15.0.26124.0
Project("{FAE04EC0-301F-11D3-BF4B-00C04F79EFBC}") = "OurHaps.Gherkins", "OurHaps.Gherkins\OurHaps.Gherkins.csproj", "{57C4E551-6310-41CD-B791-6F6C11BCE1E9}"
EndProject
Project("{FAE04EC0-301F-11D3-BF4B-00C04F79EFBC}") = "OurHaps.Web", "OurHaps.Web\OurHaps.Web.csproj", "{95E57E37-E81F-45AF-951A-699299105D29}"
EndProject
Global
	GlobalSection(SolutionConfigurationPlatforms) = preSolution
		Debug|Any CPU = Debug|Any CPU
		Release|Any CPU = Release|Any CPU
	EndGlobalSection
	GlobalSection(ProjectConfigurationPlatforms) = postSolution
		{57C4E551-6310-41CD-B791-6F6C11BCE1E9}.Debug|Any CPU.ActiveCfg = Debug|Any CPU
		{57C4E551-6310-41CD-B791-6F6C11BCE1E9}.Debug|Any CPU.Build.0 = Debug|Any CPU
		{57C4E551-6310-41CD-B791-6F6C11BCE1E9}.Release|Any CPU.ActiveCfg = Release|Any CPU
		{57C4E551-6310-41CD-B791-6F6C11BCE1E9}.Release|Any CPU.Build.0 = Release|Any CPU
		{95E57E37-E81F-45AF-951A-699299105D29}.Debug|Any CPU.ActiveCfg = Debug|Any CPU
		{95E57E37-E81F-45AF-951A-699299105D29}.Debug|Any CPU.Build.0 = Debug|Any CPU
		{95E57E37-E81F-45AF-951A-699299105D29}.Release|Any CPU.ActiveCfg = Release|Any CPU
		{95E57E37-E81F-45AF-951A-699299105D29}.Release|Any CPU.Build.0 = Release|Any CPU
	EndGlobalSection
	GlobalSection(SolutionProperties) = preSolution
		HideSolutionNode = FALSE
	EndGlobalSection
	GlobalSection(ExtensibilityGlobals) = postSolution
		SolutionGuid = {7EF05C64-CF04-49DA-B535-A21DADC99A05}
	EndGlobalSection
EndGlobal
